{
  "name": "google-gax",
  "version": "0.25.6",
  "dependencies": {
    "@google-cloud/promisify": {
      "version": "0.4.0",
      "from": "@google-cloud/promisify@>=0.4.0 <0.5.0",
      "resolved": "https://registry.npmjs.org/@google-cloud/promisify/-/promisify-0.4.0.tgz"
    },
    "@grpc/grpc-js": {
      "version": "0.3.0",
      "from": "@grpc/grpc-js@0.3.0",
      "resolved": "https://registry.npmjs.org/@grpc/grpc-js/-/grpc-js-0.3.0.tgz"
    },
    "@grpc/proto-loader": {
      "version": "0.4.0",
      "from": "@grpc/proto-loader@0.4.0",
      "resolved": "https://registry.npmjs.org/@grpc/proto-loader/-/proto-loader-0.4.0.tgz"
    },
    "@protobufjs/aspromise": {
      "version": "1.1.2",
      "from": "@protobufjs/aspromise@>=1.1.2 <2.0.0",
      "resolved": "https://registry.npmjs.org/@protobufjs/aspromise/-/aspromise-1.1.2.tgz"
    },
    "@protobufjs/base64": {
      "version": "1.1.2",
      "from": "@protobufjs/base64@>=1.1.2 <2.0.0",
      "resolved": "https://registry.npmjs.org/@protobufjs/base64/-/base64-1.1.2.tgz"
    },
    "@protobufjs/codegen": {
      "version": "2.0.4",
      "from": "@protobufjs/codegen@>=2.0.4 <3.0.0",
      "resolved": "https://registry.npmjs.org/@protobufjs/codegen/-/codegen-2.0.4.tgz"
    },
    "@protobufjs/eventemitter": {
      "version": "1.1.0",
      "from": "@protobufjs/eventemitter@>=1.1.0 <2.0.0",
      "resolved": "https://registry.npmjs.org/@protobufjs/eventemitter/-/eventemitter-1.1.0.tgz"
    },
    "@protobufjs/fetch": {
      "version": "1.1.0",
      "from": "@protobufjs/fetch@>=1.1.0 <2.0.0",
      "resolved": "https://registry.npmjs.org/@protobufjs/fetch/-/fetch-1.1.0.tgz"
    },
    "@protobufjs/float": {
      "version": "1.0.2",
      "from": "@protobufjs/float@>=1.0.2 <2.0.0",
      "resolved": "https://registry.npmjs.org/@protobufjs/float/-/float-1.0.2.tgz"
    },
    "@protobufjs/inquire": {
      "version": "1.1.0",
      "from": "@protobufjs/inquire@>=1.1.0 <2.0.0",
      "resolved": "https://registry.npmjs.org/@protobufjs/inquire/-/inquire-1.1.0.tgz"
    },
    "@protobufjs/path": {
      "version": "1.1.2",
      "from": "@protobufjs/path@>=1.1.2 <2.0.0",
      "resolved": "https://registry.npmjs.org/@protobufjs/path/-/path-1.1.2.tgz"
    },
    "@protobufjs/pool": {
      "version": "1.1.0",
      "from": "@protobufjs/pool@>=1.1.0 <2.0.0",
      "resolved": "https://registry.npmjs.org/@protobufjs/pool/-/pool-1.1.0.tgz"
    },
    "@protobufjs/utf8": {
      "version": "1.1.0",
      "from": "@protobufjs/utf8@>=1.1.0 <2.0.0",
      "resolved": "https://registry.npmjs.org/@protobufjs/utf8/-/utf8-1.1.0.tgz"
    },
    "@types/long": {
      "version": "4.0.2",
      "from": "@types/long@>=4.0.0 <5.0.0",
      "resolved": "https://registry.npmjs.org/@types/long/-/long-4.0.2.tgz"
    },
    "@types/node": {
      "version": "10.3.2",
      "from": "@types/node@10.3.2",
      "resolved": "https://registry.npmjs.org/@types/node/-/node-10.3.2.tgz"
    },
    "abort-controller": {
      "version": "3.0.0",
      "from": "abort-controller@>=3.0.0 <4.0.0",
      "resolved": "https://registry.npmjs.org/abort-controller/-/abort-controller-3.0.0.tgz"
    },
    "agent-base": {
      "version": "4.3.0",
      "from": "agent-base@>=4.3.0 <5.0.0",
      "resolved": "https://registry.npmjs.org/agent-base/-/agent-base-4.3.0.tgz"
    },
    "ansi-regex": {
      "version": "2.1.1",
      "from": "ansi-regex@>=2.0.0 <3.0.0",
      "resolved": "https://registry.npmjs.org/ansi-regex/-/ansi-regex-2.1.1.tgz"
    },
    "ascli": {
      "version": "1.0.1",
      "from": "ascli@>=1.0.0 <2.0.0",
      "resolved": "https://registry.npmjs.org/ascli/-/ascli-1.0.1.tgz"
    },
    "base64-js": {
      "version": "1.5.1",
      "from": "base64-js@>=1.3.0 <2.0.0",
      "resolved": "https://registry.npmjs.org/base64-js/-/base64-js-1.5.1.tgz"
    },
    "bignumber.js": {
      "version": "9.0.2",
      "from": "bignumber.js@>=9.0.0 <10.0.0",
      "resolved": "https://registry.npmjs.org/bignumber.js/-/bignumber.js-9.0.2.tgz"
    },
    "buffer-equal-constant-time": {
      "version": "1.0.1",
      "from": "buffer-equal-constant-time@1.0.1",
      "resolved": "https://registry.npmjs.org/buffer-equal-constant-time/-/buffer-equal-constant-time-1.0.1.tgz"
    },
    "bytebuffer": {
      "version": "5.0.1",
      "from": "bytebuffer@>=5.0.0 <6.0.0",
      "resolved": "https://registry.npmjs.org/bytebuffer/-/bytebuffer-5.0.1.tgz",
      "dependencies": {
        "long": {
          "version": "3.2.0",
          "from": "long@>=3.0.0 <4.0.0",
          "resolved": "https://registry.npmjs.org/long/-/long-3.2.0.tgz"
        }
      }
    },
    "camelcase": {
      "version": "2.1.1",
      "from": "camelcase@>=2.0.1 <3.0.0",
      "resolved": "https://registry.npmjs.org/camelcase/-/camelcase-2.1.1.tgz"
    },
    "cliui": {
      "version": "3.2.0",
      "from": "cliui@>=3.0.3 <4.0.0",
      "resolved": "https://registry.npmjs.org/cliui/-/cliui-3.2.0.tgz"
    },
    "code-point-at": {
      "version": "1.1.0",
      "from": "code-point-at@>=1.0.0 <2.0.0",
      "resolved": "https://registry.npmjs.org/code-point-at/-/code-point-at-1.1.0.tgz"
    },
    "colour": {
      "version": "0.7.1",
      "from": "colour@>=0.7.1 <0.8.0",
      "resolved": "https://registry.npmjs.org/colour/-/colour-0.7.1.tgz"
    },
    "core-util-is": {
      "version": "1.0.3",
      "from": "core-util-is@>=1.0.0 <1.1.0",
      "resolved": "https://registry.npmjs.org/core-util-is/-/core-util-is-1.0.3.tgz"
    },
    "debug": {
      "version": "3.2.7",
      "from": "debug@>=3.1.0 <4.0.0",
      "resolved": "https://registry.npmjs.org/debug/-/debug-3.2.7.tgz"
    },
    "decamelize": {
      "version": "1.2.0",
      "from": "decamelize@>=1.1.1 <2.0.0",
      "resolved": "https://registry.npmjs.org/decamelize/-/decamelize-1.2.0.tgz"
    },
    "duplexify": {
      "version": "3.6.0",
      "from": "duplexify@3.6.0",
      "resolved": "https://registry.npmjs.org/duplexify/-/duplexify-3.6.0.tgz"
    },
    "ecdsa-sig-formatter": {
      "version": "1.0.11",
      "from": "ecdsa-sig-formatter@1.0.11",
      "resolved": "https://registry.npmjs.org/ecdsa-sig-formatter/-/ecdsa-sig-formatter-1.0.11.tgz"
    },
    "end-of-stream": {
      "version": "1.4.4",
      "from": "end-of-stream@>=1.0.0 <2.0.0",
      "resolved": "https://registry.npmjs.org/end-of-stream/-/end-of-stream-1.4.4.tgz"
    },
    "es6-promise": {
      "version": "4.2.8",
      "from": "es6-promise@>=4.0.3 <5.0.0",
      "resolved": "https://registry.npmjs.org/es6-promise/-/es6-promise-4.2.8.tgz"
    },
    "es6-promisify": {
      "version": "5.0.0",
      "from": "es6-promisify@>=5.0.0 <6.0.0",
      "resolved": "https://registry.npmjs.org/es6-promisify/-/es6-promisify-5.0.0.tgz"
    },
    "event-target-shim": {
      "version": "5.0.1",
      "from": "event-target-shim@>=5.0.0 <6.0.0",
      "resolved": "https://registry.npmjs.org/event-target-shim/-/event-target-shim-5.0.1.tgz"
    },
    "extend": {
      "version": "3.0.2",
      "from": "extend@>=3.0.2 <4.0.0",
      "resolved": "https://registry.npmjs.org/extend/-/extend-3.0.2.tgz"
    },
    "fast-text-encoding": {
      "version": "1.0.3",
      "from": "fast-text-encoding@>=1.0.0 <2.0.0",
      "resolved": "https://registry.npmjs.org/fast-text-encoding/-/fast-text-encoding-1.0.3.tgz"
    },
    "gaxios": {
      "version": "1.8.4",
      "from": "gaxios@>=1.1.1 <2.0.0",
      "resolved": "https://registry.npmjs.org/gaxios/-/gaxios-1.8.4.tgz"
    },
    "gcp-metadata": {
      "version": "0.9.3",
      "from": "gcp-metadata@>=0.9.3 <0.10.0",
      "resolved": "https://registry.npmjs.org/gcp-metadata/-/gcp-metadata-0.9.3.tgz"
    },
    "google-auth-library": {
      "version": "3.0.0",
      "from": "google-auth-library@3.0.0",
      "resolved": "https://registry.npmjs.org/google-auth-library/-/google-auth-library-3.0.0.tgz",
      "dependencies": {
        "semver": {
          "version": "5.7.1",
          "from": "semver@>=5.5.0 <6.0.0",
          "resolved": "https://registry.npmjs.org/semver/-/semver-5.7.1.tgz"
        }
      }
    },
    "google-p12-pem": {
      "version": "1.0.5",
      "from": "google-p12-pem@>=1.0.0 <2.0.0",
      "resolved": "https://registry.npmjs.org/google-p12-pem/-/google-p12-pem-1.0.5.tgz"
    },
    "google-proto-files": {
      "version": "0.20.0",
      "from": "google-proto-files@0.20.0",
      "resolved": "https://registry.npmjs.org/google-proto-files/-/google-proto-files-0.20.0.tgz"
    },
    "grpc": {
      "version": "1.16.0",
      "from": "grpc@1.16.0",
      "resolved": "https://registry.npmjs.org/grpc/-/grpc-1.16.0.tgz",
      "dependencies": {
        "abbrev": {
          "version": "1.1.1",
          "from": "abbrev@1.1.1",
          "resolved": "https://registry.npmjs.org/abbrev/-/abbrev-1.1.1.tgz"
        },
        "ansi-regex": {
          "version": "2.1.1",
          "from": "ansi-regex@2.1.1",
          "resolved": "https://registry.npmjs.org/ansi-regex/-/ansi-regex-2.1.1.tgz"
        },
        "aproba": {
          "version": "1.2.0",
          "from": "aproba@1.2.0",
          "resolved": "https://registry.npmjs.org/aproba/-/aproba-1.2.0.tgz"
        },
        "are-we-there-yet": {
          "version": "1.1.5",
          "from": "are-we-there-yet@1.1.5",
          "resolved": "https://registry.npmjs.org/are-we-there-yet/-/are-we-there-yet-1.1.5.tgz"
        },
        "balanced-match": {
          "version": "1.0.0",
          "from": "balanced-match@1.0.0",
          "resolved": "https://registry.npmjs.org/balanced-match/-/balanced-match-1.0.0.tgz"
        },
        "brace-expansion": {
          "version": "1.1.11",
          "from": "brace-expansion@1.1.11",
          "resolved": "https://registry.npmjs.org/brace-expansion/-/brace-expansion-1.1.11.tgz"
        },
        "chownr": {
          "version": "1.0.1",
          "from": "chownr@1.0.1",
          "resolved": "https://registry.npmjs.org/chownr/-/chownr-1.0.1.tgz"
        },
        "code-point-at": {
          "version": "1.1.0",
          "from": "code-point-at@1.1.0",
          "resolved": "https://registry.npmjs.org/code-point-at/-/code-point-at-1.1.0.tgz"
        },
        "concat-map": {
          "version": "0.0.1",
          "from": "concat-map@0.0.1",
          "resolved": "https://registry.npmjs.org/concat-map/-/concat-map-0.0.1.tgz"
        },
        "console-control-strings": {
          "version": "1.1.0",
          "from": "console-control-strings@1.1.0",
          "resolved": "https://registry.npmjs.org/console-control-strings/-/console-control-strings-1.1.0.tgz"
        },
        "core-util-is": {
          "version": "1.0.2",
          "from": "core-util-is@1.0.2",
          "resolved": "https://registry.npmjs.org/core-util-is/-/core-util-is-1.0.2.tgz"
        },
        "debug": {
          "version": "2.6.9",
          "from": "debug@2.6.9",
          "resolved": "https://registry.npmjs.org/debug/-/debug-2.6.9.tgz"
        },
        "deep-extend": {
          "version": "0.6.0",
          "from": "deep-extend@0.6.0",
          "resolved": "https://registry.npmjs.org/deep-extend/-/deep-extend-0.6.0.tgz"
        },
        "delegates": {
          "version": "1.0.0",
          "from": "delegates@1.0.0",
          "resolved": "https://registry.npmjs.org/delegates/-/delegates-1.0.0.tgz"
        },
        "detect-libc": {
          "version": "1.0.3",
          "from": "detect-libc@1.0.3",
          "resolved": "https://registry.npmjs.org/detect-libc/-/detect-libc-1.0.3.tgz"
        },
        "fs-minipass": {
          "version": "1.2.5",
          "from": "fs-minipass@1.2.5",
          "resolved": "https://registry.npmjs.org/fs-minipass/-/fs-minipass-1.2.5.tgz"
        },
        "fs.realpath": {
          "version": "1.0.0",
          "from": "fs.realpath@1.0.0",
          "resolved": "https://registry.npmjs.org/fs.realpath/-/fs.realpath-1.0.0.tgz"
        },
        "gauge": {
          "version": "2.7.4",
          "from": "gauge@2.7.4",
          "resolved": "https://registry.npmjs.org/gauge/-/gauge-2.7.4.tgz"
        },
        "glob": {
          "version": "7.1.2",
          "from": "glob@7.1.2",
          "resolved": "https://registry.npmjs.org/glob/-/glob-7.1.2.tgz"
        },
        "has-unicode": {
          "version": "2.0.1",
          "from": "has-unicode@2.0.1",
          "resolved": "https://registry.npmjs.org/has-unicode/-/has-unicode-2.0.1.tgz"
        },
        "iconv-lite": {
          "version": "0.4.23",
          "from": "iconv-lite@0.4.23",
          "resolved": "https://registry.npmjs.org/iconv-lite/-/iconv-lite-0.4.23.tgz"
        },
        "ignore-walk": {
          "version": "3.0.1",
          "from": "ignore-walk@3.0.1",
          "resolved": "https://registry.npmjs.org/ignore-walk/-/ignore-walk-3.0.1.tgz"
        },
        "inflight": {
          "version": "1.0.6",
          "from": "inflight@1.0.6",
          "resolved": "https://registry.npmjs.org/inflight/-/inflight-1.0.6.tgz"
        },
        "inherits": {
          "version": "2.0.3",
          "from": "inherits@2.0.3",
          "resolved": "https://registry.npmjs.org/inherits/-/inherits-2.0.3.tgz"
        },
        "ini": {
          "version": "1.3.5",
          "from": "ini@1.3.5",
          "resolved": "https://registry.npmjs.org/ini/-/ini-1.3.5.tgz"
        },
        "is-fullwidth-code-point": {
          "version": "1.0.0",
          "from": "is-fullwidth-code-point@1.0.0",
          "resolved": "https://registry.npmjs.org/is-fullwidth-code-point/-/is-fullwidth-code-point-1.0.0.tgz"
        },
        "isarray": {
          "version": "1.0.0",
          "from": "isarray@1.0.0",
          "resolved": "https://registry.npmjs.org/isarray/-/isarray-1.0.0.tgz"
        },
        "minimatch": {
          "version": "3.0.4",
          "from": "minimatch@3.0.4",
          "resolved": "https://registry.npmjs.org/minimatch/-/minimatch-3.0.4.tgz"
        },
        "minimist": {
          "version": "1.2.0",
          "from": "minimist@1.2.0",
          "resolved": "https://registry.npmjs.org/minimist/-/minimist-1.2.0.tgz"
        },
        "minipass": {
          "version": "2.3.3",
          "from": "minipass@2.3.3",
          "resolved": "https://registry.npmjs.org/minipass/-/minipass-2.3.3.tgz"
        },
        "minizlib": {
          "version": "1.1.0",
          "from": "minizlib@1.1.0",
          "resolved": "https://registry.npmjs.org/minizlib/-/minizlib-1.1.0.tgz"
        },
        "mkdirp": {
          "version": "0.5.1",
          "from": "mkdirp@0.5.1",
          "resolved": "https://registry.npmjs.org/mkdirp/-/mkdirp-0.5.1.tgz",
          "dependencies": {
            "minimist": {
              "version": "0.0.8",
              "from": "minimist@0.0.8",
              "resolved": "https://registry.npmjs.org/minimist/-/minimist-0.0.8.tgz"
            }
          }
        },
        "ms": {
          "version": "2.0.0",
          "from": "ms@2.0.0",
          "resolved": "https://registry.npmjs.org/ms/-/ms-2.0.0.tgz"
        },
        "needle": {
          "version": "2.2.2",
          "from": "needle@2.2.2",
          "resolved": "https://registry.npmjs.org/needle/-/needle-2.2.2.tgz"
        },
        "node-pre-gyp": {
          "version": "0.10.3",
          "from": "node-pre-gyp@0.10.3",
          "resolved": "https://registry.npmjs.org/node-pre-gyp/-/node-pre-gyp-0.10.3.tgz"
        },
        "nopt": {
          "version": "4.0.1",
          "from": "nopt@4.0.1",
          "resolved": "https://registry.npmjs.org/nopt/-/nopt-4.0.1.tgz"
        },
        "npm-bundled": {
          "version": "1.0.3",
          "from": "npm-bundled@1.0.3",
          "resolved": "https://registry.npmjs.org/npm-bundled/-/npm-bundled-1.0.3.tgz"
        },
        "npm-packlist": {
          "version": "1.1.11",
          "from": "npm-packlist@1.1.11",
          "resolved": "https://registry.npmjs.org/npm-packlist/-/npm-packlist-1.1.11.tgz"
        },
        "npmlog": {
          "version": "4.1.2",
          "from": "npmlog@4.1.2",
          "resolved": "https://registry.npmjs.org/npmlog/-/npmlog-4.1.2.tgz"
        },
        "number-is-nan": {
          "version": "1.0.1",
          "from": "number-is-nan@1.0.1",
          "resolved": "https://registry.npmjs.org/number-is-nan/-/number-is-nan-1.0.1.tgz"
        },
        "object-assign": {
          "version": "4.1.1",
          "from": "object-assign@4.1.1",
          "resolved": "https://registry.npmjs.org/object-assign/-/object-assign-4.1.1.tgz"
        },
        "once": {
          "version": "1.4.0",
          "from": "once@1.4.0",
          "resolved": "https://registry.npmjs.org/once/-/once-1.4.0.tgz"
        },
        "os-homedir": {
          "version": "1.0.2",
          "from": "os-homedir@1.0.2",
          "resolved": "https://registry.npmjs.org/os-homedir/-/os-homedir-1.0.2.tgz"
        },
        "os-tmpdir": {
          "version": "1.0.2",
          "from": "os-tmpdir@1.0.2",
          "resolved": "https://registry.npmjs.org/os-tmpdir/-/os-tmpdir-1.0.2.tgz"
        },
        "osenv": {
          "version": "0.1.5",
          "from": "osenv@0.1.5",
          "resolved": "https://registry.npmjs.org/osenv/-/osenv-0.1.5.tgz"
        },
        "path-is-absolute": {
          "version": "1.0.1",
          "from": "path-is-absolute@1.0.1",
          "resolved": "https://registry.npmjs.org/path-is-absolute/-/path-is-absolute-1.0.1.tgz"
        },
        "process-nextick-args": {
          "version": "2.0.0",
          "from": "process-nextick-args@2.0.0",
          "resolved": "https://registry.npmjs.org/process-nextick-args/-/process-nextick-args-2.0.0.tgz"
        },
        "protobufjs": {
          "version": "5.0.3",
          "from": "protobufjs@>=5.0.3 <6.0.0",
          "resolved": "https://registry.npmjs.org/protobufjs/-/protobufjs-5.0.3.tgz"
        },
        "rc": {
          "version": "1.2.8",
          "from": "rc@1.2.8",
          "resolved": "https://registry.npmjs.org/rc/-/rc-1.2.8.tgz"
        },
        "readable-stream": {
          "version": "2.3.6",
          "from": "readable-stream@2.3.6",
          "resolved": "https://registry.npmjs.org/readable-stream/-/readable-stream-2.3.6.tgz"
        },
        "rimraf": {
          "version": "2.6.2",
          "from": "rimraf@2.6.2",
          "resolved": "https://registry.npmjs.org/rimraf/-/rimraf-2.6.2.tgz"
        },
        "safe-buffer": {
          "version": "5.1.2",
          "from": "safe-buffer@5.1.2",
          "resolved": "https://registry.npmjs.org/safe-buffer/-/safe-buffer-5.1.2.tgz"
        },
        "safer-buffer": {
          "version": "2.1.2",
          "from": "safer-buffer@2.1.2",
          "resolved": "https://registry.npmjs.org/safer-buffer/-/safer-buffer-2.1.2.tgz"
        },
        "sax": {
          "version": "1.2.4",
          "from": "sax@1.2.4",
          "resolved": "https://registry.npmjs.org/sax/-/sax-1.2.4.tgz"
        },
        "semver": {
          "version": "5.5.0",
          "from": "semver@5.5.0",
          "resolved": "https://registry.npmjs.org/semver/-/semver-5.5.0.tgz"
        },
        "set-blocking": {
          "version": "2.0.0",
          "from": "set-blocking@2.0.0",
          "resolved": "https://registry.npmjs.org/set-blocking/-/set-blocking-2.0.0.tgz"
        },
        "signal-exit": {
          "version": "3.0.2",
          "from": "signal-exit@3.0.2",
          "resolved": "https://registry.npmjs.org/signal-exit/-/signal-exit-3.0.2.tgz"
        },
        "string_decoder": {
          "version": "1.1.1",
          "from": "string_decoder@1.1.1",
          "resolved": "https://registry.npmjs.org/string_decoder/-/string_decoder-1.1.1.tgz"
        },
        "string-width": {
          "version": "1.0.2",
          "from": "string-width@1.0.2",
          "resolved": "https://registry.npmjs.org/string-width/-/string-width-1.0.2.tgz"
        },
        "strip-ansi": {
          "version": "3.0.1",
          "from": "strip-ansi@3.0.1",
          "resolved": "https://registry.npmjs.org/strip-ansi/-/strip-ansi-3.0.1.tgz"
        },
        "strip-json-comments": {
          "version": "2.0.1",
          "from": "strip-json-comments@2.0.1",
          "resolved": "https://registry.npmjs.org/strip-json-comments/-/strip-json-comments-2.0.1.tgz"
        },
        "tar": {
          "version": "4.4.6",
          "from": "tar@4.4.6",
          "resolved": "https://registry.npmjs.org/tar/-/tar-4.4.6.tgz"
        },
        "util-deprecate": {
          "version": "1.0.2",
          "from": "util-deprecate@1.0.2",
          "resolved": "https://registry.npmjs.org/util-deprecate/-/util-deprecate-1.0.2.tgz"
        },
        "wide-align": {
          "version": "1.1.3",
          "from": "wide-align@1.1.3",
          "resolved": "https://registry.npmjs.org/wide-align/-/wide-align-1.1.3.tgz"
        },
        "wrappy": {
          "version": "1.0.2",
          "from": "wrappy@1.0.2",
          "resolved": "https://registry.npmjs.org/wrappy/-/wrappy-1.0.2.tgz"
        },
        "yallist": {
          "version": "3.0.2",
          "from": "yallist@3.0.2",
          "resolved": "https://registry.npmjs.org/yallist/-/yallist-3.0.2.tgz"
        }
      }
    },
    "grpc-gcp": {
      "version": "0.1.1",
      "from": "grpc-gcp@0.1.1",
      "resolved": "https://registry.npmjs.org/grpc-gcp/-/grpc-gcp-0.1.1.tgz"
    },
    "gtoken": {
      "version": "2.3.3",
      "from": "gtoken@>=2.3.2 <3.0.0",
      "resolved": "https://registry.npmjs.org/gtoken/-/gtoken-2.3.3.tgz"
    },
    "https-proxy-agent": {
      "version": "2.2.4",
      "from": "https-proxy-agent@>=2.2.1 <3.0.0",
      "resolved": "https://registry.npmjs.org/https-proxy-agent/-/https-proxy-agent-2.2.4.tgz"
    },
    "inherits": {
      "version": "2.0.4",
      "from": "inherits@>=2.0.1 <3.0.0",
      "resolved": "https://registry.npmjs.org/inherits/-/inherits-2.0.4.tgz"
    },
    "invert-kv": {
      "version": "1.0.0",
      "from": "invert-kv@>=1.0.0 <2.0.0",
      "resolved": "https://registry.npmjs.org/invert-kv/-/invert-kv-1.0.0.tgz"
    },
    "is-fullwidth-code-point": {
      "version": "1.0.0",
      "from": "is-fullwidth-code-point@>=1.0.0 <2.0.0",
      "resolved": "https://registry.npmjs.org/is-fullwidth-code-point/-/is-fullwidth-code-point-1.0.0.tgz"
    },
    "is-stream-ended": {
      "version": "0.1.4",
      "from": "is-stream-ended@0.1.4",
      "resolved": "https://registry.npmjs.org/is-stream-ended/-/is-stream-ended-0.1.4.tgz"
    },
    "isarray": {
      "version": "1.0.0",
      "from": "isarray@>=1.0.0 <1.1.0",
      "resolved": "https://registry.npmjs.org/isarray/-/isarray-1.0.0.tgz"
    },
    "json-bigint": {
      "version": "0.3.1",
      "from": "json-bigint@>=0.3.0 <0.4.0",
      "resolved": "https://registry.npmjs.org/json-bigint/-/json-bigint-0.3.1.tgz"
    },
    "jwa": {
      "version": "1.4.1",
      "from": "jwa@>=1.4.1 <2.0.0",
      "resolved": "https://registry.npmjs.org/jwa/-/jwa-1.4.1.tgz"
    },
    "jws": {
      "version": "3.2.2",
      "from": "jws@>=3.1.5 <4.0.0",
      "resolved": "https://registry.npmjs.org/jws/-/jws-3.2.2.tgz"
    },
    "lcid": {
      "version": "1.0.0",
      "from": "lcid@>=1.0.0 <2.0.0",
      "resolved": "https://registry.npmjs.org/lcid/-/lcid-1.0.0.tgz"
    },
    "lodash": {
      "version": "4.17.21",
      "from": "lodash@>=4.17.4 <5.0.0",
      "resolved": "https://registry.npmjs.org/lodash/-/lodash-4.17.21.tgz"
    },
    "lodash.at": {
      "version": "4.6.0",
      "from": "lodash.at@4.6.0",
      "resolved": "https://registry.npmjs.org/lodash.at/-/lodash.at-4.6.0.tgz"
    },
    "lodash.camelcase": {
      "version": "4.3.0",
      "from": "lodash.camelcase@>=4.3.0 <5.0.0",
      "resolved": "https://registry.npmjs.org/lodash.camelcase/-/lodash.camelcase-4.3.0.tgz"
    },
    "lodash.has": {
      "version": "4.5.2",
      "from": "lodash.has@4.5.2",
      "resolved": "https://registry.npmjs.org/lodash.has/-/lodash.has-4.5.2.tgz"
    },
    "long": {
      "version": "4.0.0",
      "from": "long@>=4.0.0 <5.0.0",
      "resolved": "https://registry.npmjs.org/long/-/long-4.0.0.tgz"
    },
    "lru-cache": {
      "version": "5.1.1",
      "from": "lru-cache@>=5.0.0 <6.0.0",
      "resolved": "https://registry.npmjs.org/lru-cache/-/lru-cache-5.1.1.tgz"
    },
    "mime": {
      "version": "2.6.0",
      "from": "mime@>=2.2.0 <3.0.0",
      "resolved": "https://registry.npmjs.org/mime/-/mime-2.6.0.tgz"
    },
    "ms": {
      "version": "2.1.3",
      "from": "ms@>=2.1.1 <3.0.0",
      "resolved": "https://registry.npmjs.org/ms/-/ms-2.1.3.tgz"
    },
    "nan": {
      "version": "2.16.0",
      "from": "nan@>=2.0.0 <3.0.0",
      "resolved": "https://registry.npmjs.org/nan/-/nan-2.16.0.tgz"
    },
    "node-fetch": {
      "version": "2.6.7",
      "from": "node-fetch@>=2.3.0 <3.0.0",
      "resolved": "https://registry.npmjs.org/node-fetch/-/node-fetch-2.6.7.tgz"
    },
    "node-forge": {
      "version": "0.10.0",
      "from": "node-forge@>=0.10.0 <0.11.0",
      "resolved": "https://registry.npmjs.org/node-forge/-/node-forge-0.10.0.tgz"
    },
    "number-is-nan": {
      "version": "1.0.1",
      "from": "number-is-nan@>=1.0.0 <2.0.0",
      "resolved": "https://registry.npmjs.org/number-is-nan/-/number-is-nan-1.0.1.tgz"
    },
    "once": {
      "version": "1.4.0",
      "from": "once@>=1.4.0 <2.0.0",
      "resolved": "https://registry.npmjs.org/once/-/once-1.4.0.tgz"
    },
    "optjs": {
      "version": "3.2.2",
      "from": "optjs@>=3.2.2 <3.3.0",
      "resolved": "https://registry.npmjs.org/optjs/-/optjs-3.2.2.tgz"
    },
    "os-locale": {
      "version": "1.4.0",
      "from": "os-locale@>=1.4.0 <2.0.0",
      "resolved": "https://registry.npmjs.org/os-locale/-/os-locale-1.4.0.tgz"
    },
    "pify": {
      "version": "4.0.1",
      "from": "pify@>=4.0.0 <5.0.0",
      "resolved": "https://registry.npmjs.org/pify/-/pify-4.0.1.tgz"
    },
    "process-nextick-args": {
      "version": "2.0.1",
      "from": "process-nextick-args@>=2.0.0 <2.1.0",
      "resolved": "https://registry.npmjs.org/process-nextick-args/-/process-nextick-args-2.0.1.tgz"
    },
    "protobufjs": {
      "version": "6.8.8",
      "from": "protobufjs@6.8.8",
      "resolved": "https://registry.npmjs.org/protobufjs/-/protobufjs-6.8.8.tgz"
    },
    "readable-stream": {
      "version": "2.3.7",
      "from": "readable-stream@>=2.0.0 <3.0.0",
      "resolved": "https://registry.npmjs.org/readable-stream/-/readable-stream-2.3.7.tgz"
    },
    "retry-request": {
      "version": "4.0.0",
      "from": "retry-request@4.0.0",
      "resolved": "https://registry.npmjs.org/retry-request/-/retry-request-4.0.0.tgz"
    },
    "safe-buffer": {
      "version": "5.1.2",
      "from": "safe-buffer@>=5.1.1 <5.2.0",
      "resolved": "https://registry.npmjs.org/safe-buffer/-/safe-buffer-5.1.2.tgz"
    },
    "semver": {
      "version": "6.0.0",
      "from": "semver@6.0.0",
      "resolved": "https://registry.npmjs.org/semver/-/semver-6.0.0.tgz"
    },
    "stream-shift": {
      "version": "1.0.1",
      "from": "stream-shift@>=1.0.0 <2.0.0",
      "resolved": "https://registry.npmjs.org/stream-shift/-/stream-shift-1.0.1.tgz"
    },
    "string_decoder": {
      "version": "1.1.1",
      "from": "string_decoder@>=1.1.1 <1.2.0",
      "resolved": "https://registry.npmjs.org/string_decoder/-/string_decoder-1.1.1.tgz"
    },
    "string-width": {
      "version": "1.0.2",
      "from": "string-width@>=1.0.1 <2.0.0",
      "resolved": "https://registry.npmjs.org/string-width/-/string-width-1.0.2.tgz"
    },
    "strip-ansi": {
      "version": "3.0.1",
      "from": "strip-ansi@>=3.0.1 <4.0.0",
      "resolved": "https://registry.npmjs.org/strip-ansi/-/strip-ansi-3.0.1.tgz"
    },
    "tr46": {
      "version": "0.0.3",
      "from": "tr46@>=0.0.3 <0.1.0",
      "resolved": "https://registry.npmjs.org/tr46/-/tr46-0.0.3.tgz"
    },
    "util-deprecate": {
      "version": "1.0.2",
      "from": "util-deprecate@>=1.0.1 <1.1.0",
      "resolved": "https://registry.npmjs.org/util-deprecate/-/util-deprecate-1.0.2.tgz"
    },
    "walkdir": {
      "version": "0.3.2",
      "from": "walkdir@0.3.2",
      "resolved": "https://registry.npmjs.org/walkdir/-/walkdir-0.3.2.tgz"
    },
    "webidl-conversions": {
      "version": "3.0.1",
      "from": "webidl-conversions@>=3.0.0 <4.0.0",
      "resolved": "https://registry.npmjs.org/webidl-conversions/-/webidl-conversions-3.0.1.tgz"
    },
    "whatwg-url": {
      "version": "5.0.0",
      "from": "whatwg-url@>=5.0.0 <6.0.0",
      "resolved": "https://registry.npmjs.org/whatwg-url/-/whatwg-url-5.0.0.tgz"
    },
    "window-size": {
      "version": "0.1.4",
      "from": "window-size@>=0.1.4 <0.2.0",
      "resolved": "https://registry.npmjs.org/window-size/-/window-size-0.1.4.tgz"
    },
    "wrap-ansi": {
      "version": "2.1.0",
      "from": "wrap-ansi@>=2.0.0 <3.0.0",
      "resolved": "https://registry.npmjs.org/wrap-ansi/-/wrap-ansi-2.1.0.tgz"
    },
    "wrappy": {
      "version": "1.0.2",
      "from": "wrappy@>=1.0.0 <2.0.0",
      "resolved": "https://registry.npmjs.org/wrappy/-/wrappy-1.0.2.tgz"
    },
    "y18n": {
      "version": "3.2.2",
      "from": "y18n@>=3.2.0 <4.0.0",
      "resolved": "https://registry.npmjs.org/y18n/-/y18n-3.2.2.tgz"
    },
    "yallist": {
      "version": "3.1.1",
      "from": "yallist@>=3.0.2 <4.0.0",
      "resolved": "https://registry.npmjs.org/yallist/-/yallist-3.1.1.tgz"
    },
    "yargs": {
      "version": "3.32.0",
      "from": "yargs@>=3.10.0 <4.0.0",
      "resolved": "https://registry.npmjs.org/yargs/-/yargs-3.32.0.tgz"
    }
  }
}
